PODS:
  - DKViewModel (0.1.0):
    - ReactiveCocoa
  - ReactiveCocoa (4.2.1):
    - Result (~> 2.0)
  - Result (2.1.3)

DEPENDENCIES:
  - DKViewModel (from `../`)

EXTERNAL SOURCES:
  DKViewModel:
    :path: "../"

SPEC CHECKSUMS:
  DKViewModel: 8b8ee905fff1a14b9257bd0f5fe6671f9c9f0433
  ReactiveCocoa: 5a42745f11ea236f405bb9ce5e97c5e3b23562dd
  Result: 18e1a7597fbcca5923c565b40a25a98afafdee02

PODFILE CHECKSUM: 8abfb33f0f95d0a648ddb19970a3df9eecec94b9

COCOAPODS: 1.0.1
